// !$*UTF8*$!
{
	archiveVersion = 1;
	classes = {
	};
	objectVersion = 48;
	objects = {

/* Begin PBXBuildFile section */
		A8AFE8932013EFF200825C10 /* AppDelegate.swift in Sources */ = {isa = PBXBuildFile; fileRef = A8AFE8922013EFF200825C10 /* AppDelegate.swift */; };
		A8AFE8982013EFF200825C10 /* Main.storyboard in Resources */ = {isa = PBXBuildFile; fileRef = A8AFE8962013EFF200825C10 /* Main.storyboard */; };
		A8AFE89A2013EFF200825C10 /* Assets.xcassets in Resources */ = {isa = PBXBuildFile; fileRef = A8AFE8992013EFF200825C10 /* Assets.xcassets */; };
		A8AFE89D2013EFF200825C10 /* LaunchScreen.storyboard in Resources */ = {isa = PBXBuildFile; fileRef = A8AFE89B2013EFF200825C10 /* LaunchScreen.storyboard */; };
		A8AFE8A82013EFF200825C10 /* binary_counterTests.swift in Sources */ = {isa = PBXBuildFile; fileRef = A8AFE8A72013EFF200825C10 /* binary_counterTests.swift */; };
		A8AFE8B32013EFF200825C10 /* binary_counterUITests.swift in Sources */ = {isa = PBXBuildFile; fileRef = A8AFE8B22013EFF200825C10 /* binary_counterUITests.swift */; };
		A8AFE8C12013F03300825C10 /* TableViewController.swift in Sources */ = {isa = PBXBuildFile; fileRef = A8AFE8C02013F03300825C10 /* TableViewController.swift */; };
		A8AFE8C52013F1A100825C10 /* CustomViewCell.swift in Sources */ = {isa = PBXBuildFile; fileRef = A8AFE8C42013F1A100825C10 /* CustomViewCell.swift */; };
		A8AFE8C72014511600825C10 /* PriceTableViewCell.swift in Sources */ = {isa = PBXBuildFile; fileRef = A8AFE8C62014511600825C10 /* PriceTableViewCell.swift */; };
/* End PBXBuildFile section */

/* Begin PBXContainerItemProxy section */
		A8AFE8A42013EFF200825C10 /* PBXContainerItemProxy */ = {
			isa = PBXContainerItemProxy;
			containerPortal = A8AFE8872013EFF100825C10 /* Project object */;
			proxyType = 1;
			remoteGlobalIDString = A8AFE88E2013EFF100825C10;
			remoteInfo = binary_counter;
		};
		A8AFE8AF2013EFF200825C10 /* PBXContainerItemProxy */ = {
			isa = PBXContainerItemProxy;
			containerPortal = A8AFE8872013EFF100825C10 /* Project object */;
			proxyType = 1;
			remoteGlobalIDString = A8AFE88E2013EFF100825C10;
			remoteInfo = binary_counter;
		};
/* End PBXContainerItemProxy section */

/* Begin PBXFileReference section */
		A8AFE88F2013EFF200825C10 /* binary_counter.app */ = {isa = PBXFileReference; explicitFileType = wrapper.application; includeInIndex = 0; path = binary_counter.app; sourceTree = BUILT_PRODUCTS_DIR; };
		A8AFE8922013EFF200825C10 /* AppDelegate.swift */ = {isa = PBXFileReference; lastKnownFileType = sourcecode.swift; path = AppDelegate.swift; sourceTree = "<group>"; };
		A8AFE8972013EFF200825C10 /* Base */ = {isa = PBXFileReference; lastKnownFileType = file.storyboard; name = Base; path = Base.lproj/Main.storyboard; sourceTree = "<group>"; };
		A8AFE8992013EFF200825C10 /* Assets.xcassets */ = {isa = PBXFileReference; lastKnownFileType = folder.assetcatalog; path = Assets.xcassets; sourceTree = "<group>"; };
		A8AFE89C2013EFF200825C10 /* Base */ = {isa = PBXFileReference; lastKnownFileType = file.storyboard; name = Base; path = Base.lproj/LaunchScreen.storyboard; sourceTree = "<group>"; };
		A8AFE89E2013EFF200825C10 /* Info.plist */ = {isa = PBXFileReference; lastKnownFileType = text.plist.xml; path = Info.plist; sourceTree = "<group>"; };
		A8AFE8A32013EFF200825C10 /* binary_counterTests.xctest */ = {isa = PBXFileReference; explicitFileType = wrapper.cfbundle; includeInIndex = 0; path = binary_counterTests.xctest; sourceTree = BUILT_PRODUCTS_DIR; };
		A8AFE8A72013EFF200825C10 /* binary_counterTests.swift */ = {isa = PBXFileReference; lastKnownFileType = sourcecode.swift; path = binary_counterTests.swift; sourceTree = "<group>"; };
		A8AFE8A92013EFF200825C10 /* Info.plist */ = {isa = PBXFileReference; lastKnownFileType = text.plist.xml; path = Info.plist; sourceTree = "<group>"; };
		A8AFE8AE2013EFF200825C10 /* binary_counterUITests.xctest */ = {isa = PBXFileReference; explicitFileType = wrapper.cfbundle; includeInIndex = 0; path = binary_counterUITests.xctest; sourceTree = BUILT_PRODUCTS_DIR; };
		A8AFE8B22013EFF200825C10 /* binary_counterUITests.swift */ = {isa = PBXFileReference; lastKnownFileType = sourcecode.swift; path = binary_counterUITests.swift; sourceTree = "<group>"; };
		A8AFE8B42013EFF200825C10 /* Info.plist */ = {isa = PBXFileReference; lastKnownFileType = text.plist.xml; path = Info.plist; sourceTree = "<group>"; };
		A8AFE8C02013F03300825C10 /* TableViewController.swift */ = {isa = PBXFileReference; lastKnownFileType = sourcecode.swift; path = TableViewController.swift; sourceTree = "<group>"; };
		A8AFE8C42013F1A100825C10 /* CustomViewCell.swift */ = {isa = PBXFileReference; lastKnownFileType = sourcecode.swift; path = CustomViewCell.swift; sourceTree = "<group>"; };
		A8AFE8C62014511600825C10 /* PriceTableViewCell.swift */ = {isa = PBXFileReference; lastKnownFileType = sourcecode.swift; path = PriceTableViewCell.swift; sourceTree = "<group>"; };
/* End PBXFileReference section */

/* Begin PBXFrameworksBuildPhase section */
		A8AFE88C2013EFF100825C10 /* Frameworks */ = {
			isa = PBXFrameworksBuildPhase;
			buildActionMask = 2147483647;
			files = (
			);
			runOnlyForDeploymentPostprocessing = 0;
		};
		A8AFE8A02013EFF200825C10 /* Frameworks */ = {
			isa = PBXFrameworksBuildPhase;
			buildActionMask = 2147483647;
			files = (
			);
			runOnlyForDeploymentPostprocessing = 0;
		};
		A8AFE8AB2013EFF200825C10 /* Frameworks */ = {
			isa = PBXFrameworksBuildPhase;
			buildActionMask = 2147483647;
			files = (
			);
			runOnlyForDeploymentPostprocessing = 0;
		};
/* End PBXFrameworksBuildPhase section */

/* Begin PBXGroup section */
		A8AFE8862013EFF100825C10 = {
			isa = PBXGroup;
			children = (
				A8AFE8912013EFF200825C10 /* binary_counter */,
				A8AFE8A62013EFF200825C10 /* binary_counterTests */,
				A8AFE8B12013EFF200825C10 /* binary_counterUITests */,
				A8AFE8902013EFF200825C10 /* Products */,
			);
			sourceTree = "<group>";
		};
		A8AFE8902013EFF200825C10 /* Products */ = {
			isa = PBXGroup;
			children = (
				A8AFE88F2013EFF200825C10 /* binary_counter.app */,
				A8AFE8A32013EFF200825C10 /* binary_counterTests.xctest */,
				A8AFE8AE2013EFF200825C10 /* binary_counterUITests.xctest */,
			);
			name = Products;
			sourceTree = "<group>";
		};
		A8AFE8912013EFF200825C10 /* binary_counter */ = {
			isa = PBXGroup;
			children = (
				A8AFE8922013EFF200825C10 /* AppDelegate.swift */,
				A8AFE8962013EFF200825C10 /* Main.storyboard */,
				A8AFE8992013EFF200825C10 /* Assets.xcassets */,
				A8AFE89B2013EFF200825C10 /* LaunchScreen.storyboard */,
				A8AFE89E2013EFF200825C10 /* Info.plist */,
				A8AFE8C02013F03300825C10 /* TableViewController.swift */,
				A8AFE8C42013F1A100825C10 /* CustomViewCell.swift */,
				A8AFE8C62014511600825C10 /* PriceTableViewCell.swift */,
			);
			path = binary_counter;
			sourceTree = "<group>";
		};
		A8AFE8A62013EFF200825C10 /* binary_counterTests */ = {
			isa = PBXGroup;
			children = (
				A8AFE8A72013EFF200825C10 /* binary_counterTests.swift */,
				A8AFE8A92013EFF200825C10 /* Info.plist */,
			);
			path = binary_counterTests;
			sourceTree = "<group>";
		};
		A8AFE8B12013EFF200825C10 /* binary_counterUITests */ = {
			isa = PBXGroup;
			children = (
				A8AFE8B22013EFF200825C10 /* binary_counterUITests.swift */,
				A8AFE8B42013EFF200825C10 /* Info.plist */,
			);
			path = binary_counterUITests;
			sourceTree = "<group>";
		};
/* End PBXGroup section */

/* Begin PBXNativeTarget section */
		A8AFE88E2013EFF100825C10 /* binary_counter */ = {
			isa = PBXNativeTarget;
			buildConfigurationList = A8AFE8B72013EFF200825C10 /* Build configuration list for PBXNativeTarget "binary_counter" */;
			buildPhases = (
				A8AFE88B2013EFF100825C10 /* Sources */,
				A8AFE88C2013EFF100825C10 /* Frameworks */,
				A8AFE88D2013EFF100825C10 /* Resources */,
			);
			buildRules = (
			);
			dependencies = (
			);
			name = binary_counter;
			productName = binary_counter;
			productReference = A8AFE88F2013EFF200825C10 /* binary_counter.app */;
			productType = "com.apple.product-type.application";
		};
		A8AFE8A22013EFF200825C10 /* binary_counterTests */ = {
			isa = PBXNativeTarget;
			buildConfigurationList = A8AFE8BA2013EFF200825C10 /* Build configuration list for PBXNativeTarget "binary_counterTests" */;
			buildPhases = (
				A8AFE89F2013EFF200825C10 /* Sources */,
				A8AFE8A02013EFF200825C10 /* Frameworks */,
				A8AFE8A12013EFF200825C10 /* Resources */,
			);
			buildRules = (
			);
			dependencies = (
				A8AFE8A52013EFF200825C10 /* PBXTargetDependency */,
			);
			name = binary_counterTests;
			productName = binary_counterTests;
			productReference = A8AFE8A32013EFF200825C10 /* binary_counterTests.xctest */;
			productType = "com.apple.product-type.bundle.unit-test";
		};
		A8AFE8AD2013EFF200825C10 /* binary_counterUITests */ = {
			isa = PBXNativeTarget;
			buildConfigurationList = A8AFE8BD2013EFF200825C10 /* Build configuration list for PBXNativeTarget "binary_counterUITests" */;
			buildPhases = (
				A8AFE8AA2013EFF200825C10 /* Sources */,
				A8AFE8AB2013EFF200825C10 /* Frameworks */,
				A8AFE8AC2013EFF200825C10 /* Resources */,
			);
			buildRules = (
			);
			dependencies = (
				A8AFE8B02013EFF200825C10 /* PBXTargetDependency */,
			);
			name = binary_counterUITests;
			productName = binary_counterUITests;
			productReference = A8AFE8AE2013EFF200825C10 /* binary_counterUITests.xctest */;
			productType = "com.apple.product-type.bundle.ui-testing";
		};
/* End PBXNativeTarget section */

/* Begin PBXProject section */
		A8AFE8872013EFF100825C10 /* Project object */ = {
			isa = PBXProject;
			attributes = {
				LastSwiftUpdateCheck = 0920;
				LastUpgradeCheck = 0920;
				ORGANIZATIONNAME = "Rachel Ng";
				TargetAttributes = {
					A8AFE88E2013EFF100825C10 = {
						CreatedOnToolsVersion = 9.2;
						ProvisioningStyle = Automatic;
					};
					A8AFE8A22013EFF200825C10 = {
						CreatedOnToolsVersion = 9.2;
						ProvisioningStyle = Automatic;
						TestTargetID = A8AFE88E2013EFF100825C10;
					};
					A8AFE8AD2013EFF200825C10 = {
						CreatedOnToolsVersion = 9.2;
						ProvisioningStyle = Automatic;
						TestTargetID = A8AFE88E2013EFF100825C10;
					};
				};
			};
			buildConfigurationList = A8AFE88A2013EFF100825C10 /* Build configuration list for PBXProject "binary_counter" */;
			compatibilityVersion = "Xcode 8.0";
			developmentRegion = en;
			hasScannedForEncodings = 0;
			knownRegions = (
				en,
				Base,
			);
			mainGroup = A8AFE8862013EFF100825C10;
			productRefGroup = A8AFE8902013EFF200825C10 /* Products */;
			projectDirPath = "";
			projectRoot = "";
			targets = (
				A8AFE88E2013EFF100825C10 /* binary_counter */,
				A8AFE8A22013EFF200825C10 /* binary_counterTests */,
				A8AFE8AD2013EFF200825C10 /* binary_counterUITests */,
			);
		};
/* End PBXProject section */

/* Begin PBXResourcesBuildPhase section */
		A8AFE88D2013EFF100825C10 /* Resources */ = {
			isa = PBXResourcesBuildPhase;
			buildActionMask = 2147483647;
			files = (
				A8AFE89D2013EFF200825C10 /* LaunchScreen.storyboard in Resources */,
				A8AFE89A2013EFF200825C10 /* Assets.xcassets in Resources */,
				A8AFE8982013EFF200825C10 /* Main.storyboard in Resources */,
			);
			runOnlyForDeploymentPostprocessing = 0;
		};
		A8AFE8A12013EFF200825C10 /* Resources */ = {
			isa = PBXResourcesBuildPhase;
			buildActionMask = 2147483647;
			files = (
			);
			runOnlyForDeploymentPostprocessing = 0;
		};
		A8AFE8AC2013EFF200825C10 /* Resources */ = {
			isa = PBXResourcesBuildPhase;
			buildActionMask = 2147483647;
			files = (
			);
			runOnlyForDeploymentPostprocessing = 0;
		};
/* End PBXResourcesBuildPhase section */

/* Begin PBXSourcesBuildPhase section */
		A8AFE88B2013EFF100825C10 /* Sources */ = {
			isa = PBXSourcesBuildPhase;
			buildActionMask = 2147483647;
			files = (
				A8AFE8932013EFF200825C10 /* AppDelegate.swift in Sources */,
				A8AFE8C72014511600825C10 /* PriceTableViewCell.swift in Sources */,
				A8AFE8C52013F1A100825C10 /* CustomViewCell.swift in Sources */,
				A8AFE8C12013F03300825C10 /* TableViewController.swift in Sources */,
			);
			runOnlyForDeploymentPostprocessing = 0;
		};
		A8AFE89F2013EFF200825C10 /* Sources */ = {
			isa = PBXSourcesBuildPhase;
			buildActionMask = 2147483647;
			files = (
				A8AFE8A82013EFF200825C10 /* binary_counterTests.swift in Sources */,
			);
			runOnlyForDeploymentPostprocessing = 0;
		};
		A8AFE8AA2013EFF200825C10 /* Sources */ = {
			isa = PBXSourcesBuildPhase;
			buildActionMask = 2147483647;
			files = (
				A8AFE8B32013EFF200825C10 /* binary_counterUITests.swift in Sources */,
			);
			runOnlyForDeploymentPostprocessing = 0;
		};
/* End PBXSourcesBuildPhase section */

/* Begin PBXTargetDependency section */
		A8AFE8A52013EFF200825C10 /* PBXTargetDependency */ = {
			isa = PBXTargetDependency;
			target = A8AFE88E2013EFF100825C10 /* binary_counter */;
			targetProxy = A8AFE8A42013EFF200825C10 /* PBXContainerItemProxy */;
		};
		A8AFE8B02013EFF200825C10 /* PBXTargetDependency */ = {
			isa = PBXTargetDependency;
			target = A8AFE88E2013EFF100825C10 /* binary_counter */;
			targetProxy = A8AFE8AF2013EFF200825C10 /* PBXContainerItemProxy */;
		};
/* End PBXTargetDependency section */

/* Begin PBXVariantGroup section */
		A8AFE8962013EFF200825C10 /* Main.storyboard */ = {
			isa = PBXVariantGroup;
			children = (
				A8AFE8972013EFF200825C10 /* Base */,
			);
			name = Main.storyboard;
			sourceTree = "<group>";
		};
		A8AFE89B2013EFF200825C10 /* LaunchScreen.storyboard */ = {
			isa = PBXVariantGroup;
			children = (
				A8AFE89C2013EFF200825C10 /* Base */,
			);
			name = LaunchScreen.storyboard;
			sourceTree = "<group>";
		};
/* End PBXVariantGroup section */

/* Begin XCBuildConfiguration section */
		A8AFE8B52013EFF200825C10 /* Debug */ = {
			isa = XCBuildConfiguration;
			buildSettings = {
				ALWAYS_SEARCH_USER_PATHS = NO;
				CLANG_ANALYZER_NONNULL = YES;
				CLANG_ANALYZER_NUMBER_OBJECT_CONVERSION = YES_AGGRESSIVE;
				CLANG_CXX_LANGUAGE_STANDARD = "gnu++14";
				CLANG_CXX_LIBRARY = "libc++";
				CLANG_ENABLE_MODULES = YES;
				CLANG_ENABLE_OBJC_ARC = YES;
				CLANG_WARN_BLOCK_CAPTURE_AUTORELEASING = YES;
				CLANG_WARN_BOOL_CONVERSION = YES;
				CLANG_WARN_COMMA = YES;
				CLANG_WARN_CONSTANT_CONVERSION = YES;
				CLANG_WARN_DIRECT_OBJC_ISA_USAGE = YES_ERROR;
				CLANG_WARN_DOCUMENTATION_COMMENTS = YES;
				CLANG_WARN_EMPTY_BODY = YES;
				CLANG_WARN_ENUM_CONVERSION = YES;
				CLANG_WARN_INFINITE_RECURSION = YES;
				CLANG_WARN_INT_CONVERSION = YES;
				CLANG_WARN_NON_LITERAL_NULL_CONVERSION = YES;
				CLANG_WARN_OBJC_LITERAL_CONVERSION = YES;
				CLANG_WARN_OBJC_ROOT_CLASS = YES_ERROR;
				CLANG_WARN_RANGE_LOOP_ANALYSIS = YES;
				CLANG_WARN_STRICT_PROTOTYPES = YES;
				CLANG_WARN_SUSPICIOUS_MOVE = YES;
				CLANG_WARN_UNGUARDED_AVAILABILITY = YES_AGGRESSIVE;
				CLANG_WARN_UNREACHABLE_CODE = YES;
				CLANG_WARN__DUPLICATE_METHOD_MATCH = YES;
				CODE_SIGN_IDENTITY = "iPhone Developer";
				COPY_PHASE_STRIP = NO;
				DEBUG_INFORMATION_FORMAT = dwarf;
				ENABLE_STRICT_OBJC_MSGSEND = YES;
				ENABLE_TESTABILITY = YES;
				GCC_C_LANGUAGE_STANDARD = gnu11;
				GCC_DYNAMIC_NO_PIC = NO;
				GCC_NO_COMMON_BLOCKS = YES;
				GCC_OPTIMIZATION_LEVEL = 0;
				GCC_PREPROCESSOR_DEFINITIONS = (
					"DEBUG=1",
					"$(inherited)",
				);
				GCC_WARN_64_TO_32_BIT_CONVERSION = YES;
				GCC_WARN_ABOUT_RETURN_TYPE = YES_ERROR;
				GCC_WARN_UNDECLARED_SELECTOR = YES;
				GCC_WARN_UNINITIALIZED_AUTOS = YES_AGGRESSIVE;
				GCC_WARN_UNUSED_FUNCTION = YES;
				GCC_WARN_UNUSED_VARIABLE = YES;
				IPHONEOS_DEPLOYMENT_TARGET = 11.2;
				MTL_ENABLE_DEBUG_INFO = YES;
				ONLY_ACTIVE_ARCH = YES;
				SDKROOT = iphoneos;
				SWIFT_ACTIVE_COMPILATION_CONDITIONS = DEBUG;
				SWIFT_OPTIMIZATION_LEVEL = "-Onone";
			};
			name = Debug;
		};
		A8AFE8B62013EFF200825C10 /* Release */ = {
			isa = XCBuildConfiguration;
			buildSettings = {
				ALWAYS_SEARCH_USER_PATHS = NO;
				CLANG_ANALYZER_NONNULL = YES;
				CLANG_ANALYZER_NUMBER_OBJECT_CONVERSION = YES_AGGRESSIVE;
				CLANG_CXX_LANGUAGE_STANDARD = "gnu++14";
				CLANG_CXX_LIBRARY = "libc++";
				CLANG_ENABLE_MODULES = YES;
				CLANG_ENABLE_OBJC_ARC = YES;
				CLANG_WARN_BLOCK_CAPTURE_AUTORELEASING = YES;
				CLANG_WARN_BOOL_CONVERSION = YES;
				CLANG_WARN_COMMA = YES;
				CLANG_WARN_CONSTANT_CONVERSION = YES;
				CLANG_WARN_DIRECT_OBJC_ISA_USAGE = YES_ERROR;
				CLANG_WARN_DOCUMENTATION_COMMENTS = YES;
				CLANG_WARN_EMPTY_BODY = YES;
				CLANG_WARN_ENUM_CONVERSION = YES;
				CLANG_WARN_INFINITE_RECURSION = YES;
				CLANG_WARN_INT_CONVERSION = YES;
				CLANG_WARN_NON_LITERAL_NULL_CONVERSION = YES;
				CLANG_WARN_OBJC_LITERAL_CONVERSION = YES;
				CLANG_WARN_OBJC_ROOT_CLASS = YES_ERROR;
				CLANG_WARN_RANGE_LOOP_ANALYSIS = YES;
				CLANG_WARN_STRICT_PROTOTYPES = YES;
				CLANG_WARN_SUSPICIOUS_MOVE = YES;
				CLANG_WARN_UNGUARDED_AVAILABILITY = YES_AGGRESSIVE;
				CLANG_WARN_UNREACHABLE_CODE = YES;
				CLANG_WARN__DUPLICATE_METHOD_MATCH = YES;
				CODE_SIGN_IDENTITY = "iPhone Developer";
				COPY_PHASE_STRIP = NO;
				DEBUG_INFORMATION_FORMAT = "dwarf-with-dsym";
				ENABLE_NS_ASSERTIONS = NO;
				ENABLE_STRICT_OBJC_MSGSEND = YES;
				GCC_C_LANGUAGE_STANDARD = gnu11;
				GCC_NO_COMMON_BLOCKS = YES;
				GCC_WARN_64_TO_32_BIT_CONVERSION = YES;
				GCC_WARN_ABOUT_RETURN_TYPE = YES_ERROR;
				GCC_WARN_UNDECLARED_SELECTOR = YES;
				GCC_WARN_UNINITIALIZED_AUTOS = YES_AGGRESSIVE;
				GCC_WARN_UNUSED_FUNCTION = YES;
				GCC_WARN_UNUSED_VARIABLE = YES;
				IPHONEOS_DEPLOYMENT_TARGET = 11.2;
				MTL_ENABLE_DEBUG_INFO = NO;
				SDKROOT = iphoneos;
				SWIFT_OPTIMIZATION_LEVEL = "-Owholemodule";
				VALIDATE_PRODUCT = YES;
			};
			name = Release;
		};
		A8AFE8B82013EFF200825C10 /* Debug */ = {
			isa = XCBuildConfiguration;
			buildSettings = {
				ASSETCATALOG_COMPILER_APPICON_NAME = AppIcon;
				CODE_SIGN_STYLE = Automatic;
				INFOPLIST_FILE = binary_counter/Info.plist;
				LD_RUNPATH_SEARCH_PATHS = "$(inherited) @executable_path/Frameworks";
				PRODUCT_BUNDLE_IDENTIFIER = "com.mancng.binary-counter";
				PRODUCT_NAME = "$(TARGET_NAME)";
				SWIFT_VERSION = 4.0;
				TARGETED_DEVICE_FAMILY = "1,2";
			};
			name = Debug;
		};
		A8AFE8B92013EFF200825C10 /* Release */ = {
			isa = XCBuildConfiguration;
			buildSettings = {
				ASSETCATALOG_COMPILER_APPICON_NAME = AppIcon;
				CODE_SIGN_STYLE = Automatic;
				INFOPLIST_FILE = binary_counter/Info.plist;
				LD_RUNPATH_SEARCH_PATHS = "$(inherited) @executable_path/Frameworks";
				PRODUCT_BUNDLE_IDENTIFIER = "com.mancng.binary-counter";
				PRODUCT_NAME = "$(TARGET_NAME)";
				SWIFT_VERSION = 4.0;
				TARGETED_DEVICE_FAMILY = "1,2";
			};
			name = Release;
		};
		A8AFE8BB2013EFF200825C10 /* Debug */ = {
			isa = XCBuildConfiguration;
			buildSettings = {
				ALWAYS_EMBED_SWIFT_STANDARD_LIBRARIES = YES;
				BUNDLE_LOADER = "$(TEST_HOST)";
				CODE_SIGN_STYLE = Automatic;
				INFOPLIST_FILE = binary_counterTests/Info.plist;
				LD_RUNPATH_SEARCH_PATHS = "$(inherited) @executable_path/Frameworks @loader_path/Frameworks";
				PRODUCT_BUNDLE_IDENTIFIER = "com.mancng.binary-counterTests";
				PRODUCT_NAME = "$(TARGET_NAME)";
				SWIFT_VERSION = 4.0;
				TARGETED_DEVICE_FAMILY = "1,2";
				TEST_HOST = "$(BUILT_PRODUCTS_DIR)/binary_counter.app/binary_counter";
			};
			name = Debug;
		};
		A8AFE8BC2013EFF200825C10 /* Release */ = {
			isa = XCBuildConfiguration;
			buildSettings = {
				ALWAYS_EMBED_SWIFT_STANDARD_LIBRARIES = YES;
				BUNDLE_LOADER = "$(TEST_HOST)";
				CODE_SIGN_STYLE = Automatic;
				INFOPLIST_FILE = binary_counterTests/Info.plist;
				LD_RUNPATH_SEARCH_PATHS = "$(inherited) @executable_path/Frameworks @loader_path/Frameworks";
				PRODUCT_BUNDLE_IDENTIFIER = "com.mancng.binary-counterTests";
				PRODUCT_NAME = "$(TARGET_NAME)";
				SWIFT_VERSION = 4.0;
				TARGETED_DEVICE_FAMILY = "1,2";
				TEST_HOST = "$(BUILT_PRODUCTS_DIR)/binary_counter.app/binary_counter";
			};
			name = Release;
		};
		A8AFE8BE2013EFF200825C10 /* Debug */ = {
			isa = XCBuildConfiguration;
			buildSettings = {
				ALWAYS_EMBED_SWIFT_STANDARD_LIBRARIES = YES;
				CODE_SIGN_STYLE = Automatic;
				INFOPLIST_FILE = binary_counterUITests/Info.plist;
				LD_RUNPATH_SEARCH_PATHS = "$(inherited) @executable_path/Frameworks @loader_path/Frameworks";
				PRODUCT_BUNDLE_IDENTIFIER = "com.mancng.binary-counterUITests";
				PRODUCT_NAME = "$(TARGET_NAME)";
				SWIFT_VERSION = 4.0;
				TARGETED_DEVICE_FAMILY = "1,2";
				TEST_TARGET_NAME = binary_counter;
			};
			name = Debug;
		};
		A8AFE8BF2013EFF200825C10 /* Release */ = {
			isa = XCBuildConfiguration;
			buildSettings = {
				ALWAYS_EMBED_SWIFT_STANDARD_LIBRARIES = YES;
				CODE_SIGN_STYLE = Automatic;
				INFOPLIST_FILE = binary_counterUITests/Info.plist;
				LD_RUNPATH_SEARCH_PATHS = "$(inherited) @executable_path/Frameworks @loader_path/Frameworks";
				PRODUCT_BUNDLE_IDENTIFIER = "com.mancng.binary-counterUITests";
				PRODUCT_NAME = "$(TARGET_NAME)";
				SWIFT_VERSION = 4.0;
				TARGETED_DEVICE_FAMILY = "1,2";
				TEST_TARGET_NAME = binary_counter;
			};
			name = Release;
		};
/* End XCBuildConfiguration section */

/* Begin XCConfigurationList section */
		A8AFE88A2013EFF100825C10 /* Build configuration list for PBXProject "binary_counter" */ = {
			isa = XCConfigurationList;
			buildConfigurations = (
				A8AFE8B52013EFF200825C10 /* Debug */,
				A8AFE8B62013EFF200825C10 /* Release */,
			);
			defaultConfigurationIsVisible = 0;
			defaultConfigurationName = Release;
		};
		A8AFE8B72013EFF200825C10 /* Build configuration list for PBXNativeTarget "binary_counter" */ = {
			isa = XCConfigurationList;
			buildConfigurations = (
				A8AFE8B82013EFF200825C10 /* Debug */,
				A8AFE8B92013EFF200825C10 /* Release */,
			);
			defaultConfigurationIsVisible = 0;
			defaultConfigurationName = Release;
		};
		A8AFE8BA2013EFF200825C10 /* Build configuration list for PBXNativeTarget "binary_counterTests" */ = {
			isa = XCConfigurationList;
			buildConfigurations = (
				A8AFE8BB2013EFF200825C10 /* Debug */,
				A8AFE8BC2013EFF200825C10 /* Release */,
			);
			defaultConfigurationIsVisible = 0;
			defaultConfigurationName = Release;
		};
		A8AFE8BD2013EFF200825C10 /* Build configuration list for PBXNativeTarget "binary_counterUITests" */ = {
			isa = XCConfigurationList;
			buildConfigurations = (
				A8AFE8BE2013EFF200825C10 /* Debug */,
				A8AFE8BF2013EFF200825C10 /* Release */,
			);
			defaultConfigurationIsVisible = 0;
			defaultConfigurationName = Release;
		};
/* End XCConfigurationList section */
	};
	rootObject = A8AFE8872013EFF100825C10 /* Project object */;
}
